
Microsoft Visual Studio Solution File, Format Version 12.00
# Visual Studio Version 17
VisualStudioVersion = 17.0.31903.59
MinimumVisualStudioVersion = 10.0.40219.1
Project("{FAE04EC0-301F-11D3-BF4B-00C04F79EFBC}") = "DC", "DC\DC.csproj", "{1E9A3728-5C5D-43A3-9E2F-58F2B1B5564A}"
EndProject
Global
	GlobalSection(SolutionConfigurationPlatforms) = preSolution
		Debug|Any CPU = Debug|Any CPU
		Release|Any CPU = Release|Any CPU
	EndGlobalSection
	GlobalSection(SolutionProperties) = preSolution
		HideSolutionNode = FALSE
	EndGlobalSection
	GlobalSection(ProjectConfigurationPlatforms) = postSolution
		{1E9A3728-5C5D-43A3-9E2F-58F2B1B5564A}.Debug|Any CPU.ActiveCfg = Debug|Any CPU
		{1E9A3728-5C5D-43A3-9E2F-58F2B1B5564A}.Debug|Any CPU.Build.0 = Debug|Any CPU
		{1E9A3728-5C5D-43A3-9E2F-58F2B1B5564A}.Release|Any CPU.ActiveCfg = Release|Any CPU
		{1E9A3728-5C5D-43A3-9E2F-58F2B1B5564A}.Release|Any CPU.Build.0 = Release|Any CPU
	EndGlobalSection
EndGlobal
